
Microsoft Visual Studio Solution File, Format Version 12.00
# Visual Studio Version 16
VisualStudioVersion = 16.0.29911.84
MinimumVisualStudioVersion = 10.0.40219.1
Project("{FAE04EC0-301F-11D3-BF4B-00C04F79EFBC}") = "DatiCovid19", "DatiCovid19\DatiCovid19.csproj", "{968AC13F-AE28-490C-AA7A-404546EAD7A5}"
EndProject
Global
	GlobalSection(SolutionConfigurationPlatforms) = preSolution
		Debug|Any CPU = Debug|Any CPU
		Release|Any CPU = Release|Any CPU
	EndGlobalSection
	GlobalSection(ProjectConfigurationPlatforms) = postSolution
		{968AC13F-AE28-490C-AA7A-404546EAD7A5}.Debug|Any CPU.ActiveCfg = Debug|Any CPU
		{968AC13F-AE28-490C-AA7A-404546EAD7A5}.Debug|Any CPU.Build.0 = Debug|Any CPU
		{968AC13F-AE28-490C-AA7A-404546EAD7A5}.Release|Any CPU.ActiveCfg = Release|Any CPU
		{968AC13F-AE28-490C-AA7A-404546EAD7A5}.Release|Any CPU.Build.0 = Release|Any CPU
	EndGlobalSection
	GlobalSection(SolutionProperties) = preSolution
		HideSolutionNode = FALSE
	EndGlobalSection
	GlobalSection(ExtensibilityGlobals) = postSolution
		SolutionGuid = {0A2E5054-C44D-427D-A9F9-9C365C126821}
	EndGlobalSection
EndGlobal
